// !$*UTF8*$!
{
	archiveVersion = 1;
	classes = {
	};
	objectVersion = 56;
	objects = {

/* Begin PBXBuildFile section */
		B60A7FAE2CC172DD001A38C6 /* atmosApp.swift in Sources */ = {isa = PBXBuildFile; fileRef = B60A7FAD2CC172DD001A38C6 /* atmosApp.swift */; };
		B60A7FB02CC172DD001A38C6 /* ContentView.swift in Sources */ = {isa = PBXBuildFile; fileRef = B60A7FAF2CC172DD001A38C6 /* ContentView.swift */; };
		B60A7FB22CC172DE001A38C6 /* Assets.xcassets in Resources */ = {isa = PBXBuildFile; fileRef = B60A7FB12CC172DE001A38C6 /* Assets.xcassets */; };
		B60A7FB52CC172DE001A38C6 /* Preview Assets.xcassets in Resources */ = {isa = PBXBuildFile; fileRef = B60A7FB42CC172DE001A38C6 /* Preview Assets.xcassets */; };
		B60A7FBF2CC172DE001A38C6 /* atmosTests.swift in Sources */ = {isa = PBXBuildFile; fileRef = B60A7FBE2CC172DE001A38C6 /* atmosTests.swift */; };
		B60A7FC92CC172DE001A38C6 /* atmosUITests.swift in Sources */ = {isa = PBXBuildFile; fileRef = B60A7FC82CC172DE001A38C6 /* atmosUITests.swift */; };
		B60A7FCB2CC172DE001A38C6 /* atmosUITestsLaunchTests.swift in Sources */ = {isa = PBXBuildFile; fileRef = B60A7FCA2CC172DE001A38C6 /* atmosUITestsLaunchTests.swift */; };
		B60A7FDD2CC17EC7001A38C6 /* WebSocketManager.swift in Sources */ = {isa = PBXBuildFile; fileRef = B60A7FDC2CC17EC7001A38C6 /* WebSocketManager.swift */; };
/* End PBXBuildFile section */

/* Begin PBXContainerItemProxy section */
		B60A7FBB2CC172DE001A38C6 /* PBXContainerItemProxy */ = {
			isa = PBXContainerItemProxy;
			containerPortal = B60A7FA22CC172DD001A38C6 /* Project object */;
			proxyType = 1;
			remoteGlobalIDString = B60A7FA92CC172DD001A38C6;
			remoteInfo = atmos;
		};
		B60A7FC52CC172DE001A38C6 /* PBXContainerItemProxy */ = {
			isa = PBXContainerItemProxy;
			containerPortal = B60A7FA22CC172DD001A38C6 /* Project object */;
			proxyType = 1;
			remoteGlobalIDString = B60A7FA92CC172DD001A38C6;
			remoteInfo = atmos;
		};
/* End PBXContainerItemProxy section */

/* Begin PBXFileReference section */
		B60A7FAA2CC172DD001A38C6 /* atmos.app */ = {isa = PBXFileReference; explicitFileType = wrapper.application; includeInIndex = 0; path = atmos.app; sourceTree = BUILT_PRODUCTS_DIR; };
		B60A7FAD2CC172DD001A38C6 /* atmosApp.swift */ = {isa = PBXFileReference; lastKnownFileType = sourcecode.swift; path = atmosApp.swift; sourceTree = "<group>"; };
		B60A7FAF2CC172DD001A38C6 /* ContentView.swift */ = {isa = PBXFileReference; lastKnownFileType = sourcecode.swift; path = ContentView.swift; sourceTree = "<group>"; };
		B60A7FB12CC172DE001A38C6 /* Assets.xcassets */ = {isa = PBXFileReference; lastKnownFileType = folder.assetcatalog; path = Assets.xcassets; sourceTree = "<group>"; };
		B60A7FB42CC172DE001A38C6 /* Preview Assets.xcassets */ = {isa = PBXFileReference; lastKnownFileType = folder.assetcatalog; path = "Preview Assets.xcassets"; sourceTree = "<group>"; };
		B60A7FBA2CC172DE001A38C6 /* atmosTests.xctest */ = {isa = PBXFileReference; explicitFileType = wrapper.cfbundle; includeInIndex = 0; path = atmosTests.xctest; sourceTree = BUILT_PRODUCTS_DIR; };
		B60A7FBE2CC172DE001A38C6 /* atmosTests.swift */ = {isa = PBXFileReference; lastKnownFileType = sourcecode.swift; path = atmosTests.swift; sourceTree = "<group>"; };
		B60A7FC42CC172DE001A38C6 /* atmosUITests.xctest */ = {isa = PBXFileReference; explicitFileType = wrapper.cfbundle; includeInIndex = 0; path = atmosUITests.xctest; sourceTree = BUILT_PRODUCTS_DIR; };
		B60A7FC82CC172DE001A38C6 /* atmosUITests.swift */ = {isa = PBXFileReference; lastKnownFileType = sourcecode.swift; path = atmosUITests.swift; sourceTree = "<group>"; };
		B60A7FCA2CC172DE001A38C6 /* atmosUITestsLaunchTests.swift */ = {isa = PBXFileReference; lastKnownFileType = sourcecode.swift; path = atmosUITestsLaunchTests.swift; sourceTree = "<group>"; };
		B60A7FDC2CC17EC7001A38C6 /* WebSocketManager.swift */ = {isa = PBXFileReference; lastKnownFileType = sourcecode.swift; path = WebSocketManager.swift; sourceTree = "<group>"; };
/* End PBXFileReference section */

/* Begin PBXFrameworksBuildPhase section */
		B60A7FA72CC172DD001A38C6 /* Frameworks */ = {
			isa = PBXFrameworksBuildPhase;
			buildActionMask = 2147483647;
			files = (
			);
			runOnlyForDeploymentPostprocessing = 0;
		};
		B60A7FB72CC172DE001A38C6 /* Frameworks */ = {
			isa = PBXFrameworksBuildPhase;
			buildActionMask = 2147483647;
			files = (
			);
			runOnlyForDeploymentPostprocessing = 0;
		};
		B60A7FC12CC172DE001A38C6 /* Frameworks */ = {
			isa = PBXFrameworksBuildPhase;
			buildActionMask = 2147483647;
			files = (
			);
			runOnlyForDeploymentPostprocessing = 0;
		};
/* End PBXFrameworksBuildPhase section */

/* Begin PBXGroup section */
		B60A7FA12CC172DD001A38C6 = {
			isa = PBXGroup;
			children = (
				B60A7FAC2CC172DD001A38C6 /* atmos */,
				B60A7FBD2CC172DE001A38C6 /* atmosTests */,
				B60A7FC72CC172DE001A38C6 /* atmosUITests */,
				B60A7FAB2CC172DD001A38C6 /* Products */,
			);
			sourceTree = "<group>";
		};
		B60A7FAB2CC172DD001A38C6 /* Products */ = {
			isa = PBXGroup;
			children = (
				B60A7FAA2CC172DD001A38C6 /* atmos.app */,
				B60A7FBA2CC172DE001A38C6 /* atmosTests.xctest */,
				B60A7FC42CC172DE001A38C6 /* atmosUITests.xctest */,
			);
			name = Products;
			sourceTree = "<group>";
		};
		B60A7FAC2CC172DD001A38C6 /* atmos */ = {
			isa = PBXGroup;
			children = (
				B60A7FAD2CC172DD001A38C6 /* atmosApp.swift */,
				B60A7FDC2CC17EC7001A38C6 /* WebSocketManager.swift */,
				B60A7FAF2CC172DD001A38C6 /* ContentView.swift */,
				B60A7FB12CC172DE001A38C6 /* Assets.xcassets */,
				B60A7FB32CC172DE001A38C6 /* Preview Content */,
			);
			path = atmos;
			sourceTree = "<group>";
		};
		B60A7FB32CC172DE001A38C6 /* Preview Content */ = {
			isa = PBXGroup;
			children = (
				B60A7FB42CC172DE001A38C6 /* Preview Assets.xcassets */,
			);
			path = "Preview Content";
			sourceTree = "<group>";
		};
		B60A7FBD2CC172DE001A38C6 /* atmosTests */ = {
			isa = PBXGroup;
			children = (
				B60A7FBE2CC172DE001A38C6 /* atmosTests.swift */,
			);
			path = atmosTests;
			sourceTree = "<group>";
		};
		B60A7FC72CC172DE001A38C6 /* atmosUITests */ = {
			isa = PBXGroup;
			children = (
				B60A7FC82CC172DE001A38C6 /* atmosUITests.swift */,
				B60A7FCA2CC172DE001A38C6 /* atmosUITestsLaunchTests.swift */,
			);
			path = atmosUITests;
			sourceTree = "<group>";
		};
/* End PBXGroup section */

/* Begin PBXNativeTarget section */
		B60A7FA92CC172DD001A38C6 /* atmos */ = {
			isa = PBXNativeTarget;
			buildConfigurationList = B60A7FCE2CC172DE001A38C6 /* Build configuration list for PBXNativeTarget "atmos" */;
			buildPhases = (
				B60A7FA62CC172DD001A38C6 /* Sources */,
				B60A7FA72CC172DD001A38C6 /* Frameworks */,
				B60A7FA82CC172DD001A38C6 /* Resources */,
			);
			buildRules = (
			);
			dependencies = (
			);
			name = atmos;
			productName = atmos;
			productReference = B60A7FAA2CC172DD001A38C6 /* atmos.app */;
			productType = "com.apple.product-type.application";
		};
		B60A7FB92CC172DE001A38C6 /* atmosTests */ = {
			isa = PBXNativeTarget;
			buildConfigurationList = B60A7FD12CC172DE001A38C6 /* Build configuration list for PBXNativeTarget "atmosTests" */;
			buildPhases = (
				B60A7FB62CC172DE001A38C6 /* Sources */,
				B60A7FB72CC172DE001A38C6 /* Frameworks */,
				B60A7FB82CC172DE001A38C6 /* Resources */,
			);
			buildRules = (
			);
			dependencies = (
				B60A7FBC2CC172DE001A38C6 /* PBXTargetDependency */,
			);
			name = atmosTests;
			productName = atmosTests;
			productReference = B60A7FBA2CC172DE001A38C6 /* atmosTests.xctest */;
			productType = "com.apple.product-type.bundle.unit-test";
		};
		B60A7FC32CC172DE001A38C6 /* atmosUITests */ = {
			isa = PBXNativeTarget;
			buildConfigurationList = B60A7FD42CC172DE001A38C6 /* Build configuration list for PBXNativeTarget "atmosUITests" */;
			buildPhases = (
				B60A7FC02CC172DE001A38C6 /* Sources */,
				B60A7FC12CC172DE001A38C6 /* Frameworks */,
				B60A7FC22CC172DE001A38C6 /* Resources */,
			);
			buildRules = (
			);
			dependencies = (
				B60A7FC62CC172DE001A38C6 /* PBXTargetDependency */,
			);
			name = atmosUITests;
			productName = atmosUITests;
			productReference = B60A7FC42CC172DE001A38C6 /* atmosUITests.xctest */;
			productType = "com.apple.product-type.bundle.ui-testing";
		};
/* End PBXNativeTarget section */

/* Begin PBXProject section */
		B60A7FA22CC172DD001A38C6 /* Project object */ = {
			isa = PBXProject;
			attributes = {
				BuildIndependentTargetsInParallel = 1;
				LastSwiftUpdateCheck = 1540;
				LastUpgradeCheck = 1540;
				TargetAttributes = {
					B60A7FA92CC172DD001A38C6 = {
						CreatedOnToolsVersion = 15.4;
					};
					B60A7FB92CC172DE001A38C6 = {
						CreatedOnToolsVersion = 15.4;
						TestTargetID = B60A7FA92CC172DD001A38C6;
					};
					B60A7FC32CC172DE001A38C6 = {
						CreatedOnToolsVersion = 15.4;
						TestTargetID = B60A7FA92CC172DD001A38C6;
					};
				};
			};
			buildConfigurationList = B60A7FA52CC172DD001A38C6 /* Build configuration list for PBXProject "atmos" */;
			compatibilityVersion = "Xcode 14.0";
			developmentRegion = en;
			hasScannedForEncodings = 0;
			knownRegions = (
				en,
				Base,
			);
			mainGroup = B60A7FA12CC172DD001A38C6;
			packageReferences = (
				B60A7FD72CC17938001A38C6 /* XCRemoteSwiftPackageReference "socket" */,
			);
			productRefGroup = B60A7FAB2CC172DD001A38C6 /* Products */;
			projectDirPath = "";
			projectRoot = "";
			targets = (
				B60A7FA92CC172DD001A38C6 /* atmos */,
				B60A7FB92CC172DE001A38C6 /* atmosTests */,
				B60A7FC32CC172DE001A38C6 /* atmosUITests */,
			);
		};
/* End PBXProject section */

/* Begin PBXResourcesBuildPhase section */
		B60A7FA82CC172DD001A38C6 /* Resources */ = {
			isa = PBXResourcesBuildPhase;
			buildActionMask = 2147483647;
			files = (
				B60A7FB52CC172DE001A38C6 /* Preview Assets.xcassets in Resources */,
				B60A7FB22CC172DE001A38C6 /* Assets.xcassets in Resources */,
			);
			runOnlyForDeploymentPostprocessing = 0;
		};
		B60A7FB82CC172DE001A38C6 /* Resources */ = {
			isa = PBXResourcesBuildPhase;
			buildActionMask = 2147483647;
			files = (
			);
			runOnlyForDeploymentPostprocessing = 0;
		};
		B60A7FC22CC172DE001A38C6 /* Resources */ = {
			isa = PBXResourcesBuildPhase;
			buildActionMask = 2147483647;
			files = (
			);
			runOnlyForDeploymentPostprocessing = 0;
		};
/* End PBXResourcesBuildPhase section */

/* Begin PBXSourcesBuildPhase section */
		B60A7FA62CC172DD001A38C6 /* Sources */ = {
			isa = PBXSourcesBuildPhase;
			buildActionMask = 2147483647;
			files = (
				B60A7FB02CC172DD001A38C6 /* ContentView.swift in Sources */,
				B60A7FAE2CC172DD001A38C6 /* atmosApp.swift in Sources */,
				B60A7FDD2CC17EC7001A38C6 /* WebSocketManager.swift in Sources */,
			);
			runOnlyForDeploymentPostprocessing = 0;
		};
		B60A7FB62CC172DE001A38C6 /* Sources */ = {
			isa = PBXSourcesBuildPhase;
			buildActionMask = 2147483647;
			files = (
				B60A7FBF2CC172DE001A38C6 /* atmosTests.swift in Sources */,
			);
			runOnlyForDeploymentPostprocessing = 0;
		};
		B60A7FC02CC172DE001A38C6 /* Sources */ = {
			isa = PBXSourcesBuildPhase;
			buildActionMask = 2147483647;
			files = (
				B60A7FC92CC172DE001A38C6 /* atmosUITests.swift in Sources */,
				B60A7FCB2CC172DE001A38C6 /* atmosUITestsLaunchTests.swift in Sources */,
			);
			runOnlyForDeploymentPostprocessing = 0;
		};
/* End PBXSourcesBuildPhase section */

/* Begin PBXTargetDependency section */
		B60A7FBC2CC172DE001A38C6 /* PBXTargetDependency */ = {
			isa = PBXTargetDependency;
			target = B60A7FA92CC172DD001A38C6 /* atmos */;
			targetProxy = B60A7FBB2CC172DE001A38C6 /* PBXContainerItemProxy */;
		};
		B60A7FC62CC172DE001A38C6 /* PBXTargetDependency */ = {
			isa = PBXTargetDependency;
			target = B60A7FA92CC172DD001A38C6 /* atmos */;
			targetProxy = B60A7FC52CC172DE001A38C6 /* PBXContainerItemProxy */;
		};
/* End PBXTargetDependency section */

/* Begin XCBuildConfiguration section */
		B60A7FCC2CC172DE001A38C6 /* Debug */ = {
			isa = XCBuildConfiguration;
			buildSettings = {
				ALWAYS_SEARCH_USER_PATHS = NO;
				ASSETCATALOG_COMPILER_GENERATE_SWIFT_ASSET_SYMBOL_EXTENSIONS = YES;
				CLANG_ANALYZER_NONNULL = YES;
				CLANG_ANALYZER_NUMBER_OBJECT_CONVERSION = YES_AGGRESSIVE;
				CLANG_CXX_LANGUAGE_STANDARD = "gnu++20";
				CLANG_ENABLE_MODULES = YES;
				CLANG_ENABLE_OBJC_ARC = YES;
				CLANG_ENABLE_OBJC_WEAK = YES;
				CLANG_WARN_BLOCK_CAPTURE_AUTORELEASING = YES;
				CLANG_WARN_BOOL_CONVERSION = YES;
				CLANG_WARN_COMMA = YES;
				CLANG_WARN_CONSTANT_CONVERSION = YES;
				CLANG_WARN_DEPRECATED_OBJC_IMPLEMENTATIONS = YES;
				CLANG_WARN_DIRECT_OBJC_ISA_USAGE = YES_ERROR;
				CLANG_WARN_DOCUMENTATION_COMMENTS = YES;
				CLANG_WARN_EMPTY_BODY = YES;
				CLANG_WARN_ENUM_CONVERSION = YES;
				CLANG_WARN_INFINITE_RECURSION = YES;
				CLANG_WARN_INT_CONVERSION = YES;
				CLANG_WARN_NON_LITERAL_NULL_CONVERSION = YES;
				CLANG_WARN_OBJC_IMPLICIT_RETAIN_SELF = YES;
				CLANG_WARN_OBJC_LITERAL_CONVERSION = YES;
				CLANG_WARN_OBJC_ROOT_CLASS = YES_ERROR;
				CLANG_WARN_QUOTED_INCLUDE_IN_FRAMEWORK_HEADER = YES;
				CLANG_WARN_RANGE_LOOP_ANALYSIS = YES;
				CLANG_WARN_STRICT_PROTOTYPES = YES;
				CLANG_WARN_SUSPICIOUS_MOVE = YES;
				CLANG_WARN_UNGUARDED_AVAILABILITY = YES_AGGRESSIVE;
				CLANG_WARN_UNREACHABLE_CODE = YES;
				CLANG_WARN__DUPLICATE_METHOD_MATCH = YES;
				COPY_PHASE_STRIP = NO;
				DEBUG_INFORMATION_FORMAT = dwarf;
				ENABLE_STRICT_OBJC_MSGSEND = YES;
				ENABLE_TESTABILITY = YES;
				ENABLE_USER_SCRIPT_SANDBOXING = YES;
				GCC_C_LANGUAGE_STANDARD = gnu17;
				GCC_DYNAMIC_NO_PIC = NO;
				GCC_NO_COMMON_BLOCKS = YES;
				GCC_OPTIMIZATION_LEVEL = 0;
				GCC_PREPROCESSOR_DEFINITIONS = (
					"DEBUG=1",
					"$(inherited)",
				);
				GCC_WARN_64_TO_32_BIT_CONVERSION = YES;
				GCC_WARN_ABOUT_RETURN_TYPE = YES_ERROR;
				GCC_WARN_UNDECLARED_SELECTOR = YES;
				GCC_WARN_UNINITIALIZED_AUTOS = YES_AGGRESSIVE;
				GCC_WARN_UNUSED_FUNCTION = YES;
				GCC_WARN_UNUSED_VARIABLE = YES;
				IPHONEOS_DEPLOYMENT_TARGET = 17.5;
				LOCALIZATION_PREFERS_STRING_CATALOGS = YES;
				MTL_ENABLE_DEBUG_INFO = INCLUDE_SOURCE;
				MTL_FAST_MATH = YES;
				ONLY_ACTIVE_ARCH = YES;
				SDKROOT = iphoneos;
				SWIFT_ACTIVE_COMPILATION_CONDITIONS = "DEBUG $(inherited)";
				SWIFT_OPTIMIZATION_LEVEL = "-Onone";
			};
			name = Debug;
		};
		B60A7FCD2CC172DE001A38C6 /* Release */ = {
			isa = XCBuildConfiguration;
			buildSettings = {
				ALWAYS_SEARCH_USER_PATHS = NO;
				ASSETCATALOG_COMPILER_GENERATE_SWIFT_ASSET_SYMBOL_EXTENSIONS = YES;
				CLANG_ANALYZER_NONNULL = YES;
				CLANG_ANALYZER_NUMBER_OBJECT_CONVERSION = YES_AGGRESSIVE;
				CLANG_CXX_LANGUAGE_STANDARD = "gnu++20";
				CLANG_ENABLE_MODULES = YES;
				CLANG_ENABLE_OBJC_ARC = YES;
				CLANG_ENABLE_OBJC_WEAK = YES;
				CLANG_WARN_BLOCK_CAPTURE_AUTORELEASING = YES;
				CLANG_WARN_BOOL_CONVERSION = YES;
				CLANG_WARN_COMMA = YES;
				CLANG_WARN_CONSTANT_CONVERSION = YES;
				CLANG_WARN_DEPRECATED_OBJC_IMPLEMENTATIONS = YES;
				CLANG_WARN_DIRECT_OBJC_ISA_USAGE = YES_ERROR;
				CLANG_WARN_DOCUMENTATION_COMMENTS = YES;
				CLANG_WARN_EMPTY_BODY = YES;
				CLANG_WARN_ENUM_CONVERSION = YES;
				CLANG_WARN_INFINITE_RECURSION = YES;
				CLANG_WARN_INT_CONVERSION = YES;
				CLANG_WARN_NON_LITERAL_NULL_CONVERSION = YES;
				CLANG_WARN_OBJC_IMPLICIT_RETAIN_SELF = YES;
				CLANG_WARN_OBJC_LITERAL_CONVERSION = YES;
				CLANG_WARN_OBJC_ROOT_CLASS = YES_ERROR;
				CLANG_WARN_QUOTED_INCLUDE_IN_FRAMEWORK_HEADER = YES;
				CLANG_WARN_RANGE_LOOP_ANALYSIS = YES;
				CLANG_WARN_STRICT_PROTOTYPES = YES;
				CLANG_WARN_SUSPICIOUS_MOVE = YES;
				CLANG_WARN_UNGUARDED_AVAILABILITY = YES_AGGRESSIVE;
				CLANG_WARN_UNREACHABLE_CODE = YES;
				CLANG_WARN__DUPLICATE_METHOD_MATCH = YES;
				COPY_PHASE_STRIP = NO;
				DEBUG_INFORMATION_FORMAT = "dwarf-with-dsym";
				ENABLE_NS_ASSERTIONS = NO;
				ENABLE_STRICT_OBJC_MSGSEND = YES;
				ENABLE_USER_SCRIPT_SANDBOXING = YES;
				GCC_C_LANGUAGE_STANDARD = gnu17;
				GCC_NO_COMMON_BLOCKS = YES;
				GCC_WARN_64_TO_32_BIT_CONVERSION = YES;
				GCC_WARN_ABOUT_RETURN_TYPE = YES_ERROR;
				GCC_WARN_UNDECLARED_SELECTOR = YES;
				GCC_WARN_UNINITIALIZED_AUTOS = YES_AGGRESSIVE;
				GCC_WARN_UNUSED_FUNCTION = YES;
				GCC_WARN_UNUSED_VARIABLE = YES;
				IPHONEOS_DEPLOYMENT_TARGET = 17.5;
				LOCALIZATION_PREFERS_STRING_CATALOGS = YES;
				MTL_ENABLE_DEBUG_INFO = NO;
				MTL_FAST_MATH = YES;
				SDKROOT = iphoneos;
				SWIFT_COMPILATION_MODE = wholemodule;
				VALIDATE_PRODUCT = YES;
			};
			name = Release;
		};
		B60A7FCF2CC172DE001A38C6 /* Debug */ = {
			isa = XCBuildConfiguration;
			buildSettings = {
				ASSETCATALOG_COMPILER_APPICON_NAME = AppIcon;
				ASSETCATALOG_COMPILER_GLOBAL_ACCENT_COLOR_NAME = AccentColor;
				CODE_SIGN_STYLE = Automatic;
				CURRENT_PROJECT_VERSION = 1;
				DEVELOPMENT_ASSET_PATHS = "\"atmos/Preview Content\"";
				DEVELOPMENT_TEAM = 798MD37SJR;
				ENABLE_PREVIEWS = YES;
				GENERATE_INFOPLIST_FILE = YES;
				INFOPLIST_KEY_NSMicrophoneUsageDescription = "\"This app requires access to the microphone to record audio.\"";
				INFOPLIST_KEY_UIApplicationSceneManifest_Generation = YES;
				INFOPLIST_KEY_UIApplicationSupportsIndirectInputEvents = YES;
				INFOPLIST_KEY_UILaunchScreen_Generation = YES;
				INFOPLIST_KEY_UISupportedInterfaceOrientations_iPad = "UIInterfaceOrientationPortrait UIInterfaceOrientationPortraitUpsideDown UIInterfaceOrientationLandscapeLeft UIInterfaceOrientationLandscapeRight";
				INFOPLIST_KEY_UISupportedInterfaceOrientations_iPhone = "UIInterfaceOrientationPortrait UIInterfaceOrientationLandscapeLeft UIInterfaceOrientationLandscapeRight";
				LD_RUNPATH_SEARCH_PATHS = (
					"$(inherited)",
					"@executable_path/Frameworks",
				);
				MARKETING_VERSION = 1.0;
				PRODUCT_BUNDLE_IDENTIFIER = atmos.atmos;
				PRODUCT_NAME = "$(TARGET_NAME)";
				SWIFT_EMIT_LOC_STRINGS = YES;
				SWIFT_VERSION = 5.0;
				TARGETED_DEVICE_FAMILY = "1,2";
			};
			name = Debug;
		};
		B60A7FD02CC172DE001A38C6 /* Release */ = {
			isa = XCBuildConfiguration;
			buildSettings = {
				ASSETCATALOG_COMPILER_APPICON_NAME = AppIcon;
				ASSETCATALOG_COMPILER_GLOBAL_ACCENT_COLOR_NAME = AccentColor;
				CODE_SIGN_STYLE = Automatic;
				CURRENT_PROJECT_VERSION = 1;
				DEVELOPMENT_ASSET_PATHS = "\"atmos/Preview Content\"";
				DEVELOPMENT_TEAM = 798MD37SJR;
				ENABLE_PREVIEWS = YES;
				GENERATE_INFOPLIST_FILE = YES;
				INFOPLIST_KEY_NSMicrophoneUsageDescription = "\"This app requires access to the microphone to record audio.\"";
				INFOPLIST_KEY_UIApplicationSceneManifest_Generation = YES;
				INFOPLIST_KEY_UIApplicationSupportsIndirectInputEvents = YES;
				INFOPLIST_KEY_UILaunchScreen_Generation = YES;
				INFOPLIST_KEY_UISupportedInterfaceOrientations_iPad = "UIInterfaceOrientationPortrait UIInterfaceOrientationPortraitUpsideDown UIInterfaceOrientationLandscapeLeft UIInterfaceOrientationLandscapeRight";
				INFOPLIST_KEY_UISupportedInterfaceOrientations_iPhone = "UIInterfaceOrientationPortrait UIInterfaceOrientationLandscapeLeft UIInterfaceOrientationLandscapeRight";
				LD_RUNPATH_SEARCH_PATHS = (
					"$(inherited)",
					"@executable_path/Frameworks",
				);
				MARKETING_VERSION = 1.0;
				PRODUCT_BUNDLE_IDENTIFIER = atmos.atmos;
				PRODUCT_NAME = "$(TARGET_NAME)";
				SWIFT_EMIT_LOC_STRINGS = YES;
				SWIFT_VERSION = 5.0;
				TARGETED_DEVICE_FAMILY = "1,2";
			};
			name = Release;
		};
		B60A7FD22CC172DE001A38C6 /* Debug */ = {
			isa = XCBuildConfiguration;
			buildSettings = {
				ALWAYS_EMBED_SWIFT_STANDARD_LIBRARIES = YES;
				BUNDLE_LOADER = "$(TEST_HOST)";
				CODE_SIGN_STYLE = Automatic;
				CURRENT_PROJECT_VERSION = 1;
				GENERATE_INFOPLIST_FILE = YES;
				IPHONEOS_DEPLOYMENT_TARGET = 17.5;
				MARKETING_VERSION = 1.0;
				PRODUCT_BUNDLE_IDENTIFIER = atmos.atmosTests;
				PRODUCT_NAME = "$(TARGET_NAME)";
				SWIFT_EMIT_LOC_STRINGS = NO;
				SWIFT_VERSION = 5.0;
				TARGETED_DEVICE_FAMILY = "1,2";
				TEST_HOST = "$(BUILT_PRODUCTS_DIR)/atmos.app/$(BUNDLE_EXECUTABLE_FOLDER_PATH)/atmos";
			};
			name = Debug;
		};
		B60A7FD32CC172DE001A38C6 /* Release */ = {
			isa = XCBuildConfiguration;
			buildSettings = {
				ALWAYS_EMBED_SWIFT_STANDARD_LIBRARIES = YES;
				BUNDLE_LOADER = "$(TEST_HOST)";
				CODE_SIGN_STYLE = Automatic;
				CURRENT_PROJECT_VERSION = 1;
				GENERATE_INFOPLIST_FILE = YES;
				IPHONEOS_DEPLOYMENT_TARGET = 17.5;
				MARKETING_VERSION = 1.0;
				PRODUCT_BUNDLE_IDENTIFIER = atmos.atmosTests;
				PRODUCT_NAME = "$(TARGET_NAME)";
				SWIFT_EMIT_LOC_STRINGS = NO;
				SWIFT_VERSION = 5.0;
				TARGETED_DEVICE_FAMILY = "1,2";
				TEST_HOST = "$(BUILT_PRODUCTS_DIR)/atmos.app/$(BUNDLE_EXECUTABLE_FOLDER_PATH)/atmos";
			};
			name = Release;
		};
		B60A7FD52CC172DE001A38C6 /* Debug */ = {
			isa = XCBuildConfiguration;
			buildSettings = {
				ALWAYS_EMBED_SWIFT_STANDARD_LIBRARIES = YES;
				CODE_SIGN_STYLE = Automatic;
				CURRENT_PROJECT_VERSION = 1;
				GENERATE_INFOPLIST_FILE = YES;
				MARKETING_VERSION = 1.0;
				PRODUCT_BUNDLE_IDENTIFIER = atmos.atmosUITests;
				PRODUCT_NAME = "$(TARGET_NAME)";
				SWIFT_EMIT_LOC_STRINGS = NO;
				SWIFT_VERSION = 5.0;
				TARGETED_DEVICE_FAMILY = "1,2";
				TEST_TARGET_NAME = atmos;
			};
			name = Debug;
		};
		B60A7FD62CC172DE001A38C6 /* Release */ = {
			isa = XCBuildConfiguration;
			buildSettings = {
				ALWAYS_EMBED_SWIFT_STANDARD_LIBRARIES = YES;
				CODE_SIGN_STYLE = Automatic;
				CURRENT_PROJECT_VERSION = 1;
				GENERATE_INFOPLIST_FILE = YES;
				MARKETING_VERSION = 1.0;
				PRODUCT_BUNDLE_IDENTIFIER = atmos.atmosUITests;
				PRODUCT_NAME = "$(TARGET_NAME)";
				SWIFT_EMIT_LOC_STRINGS = NO;
				SWIFT_VERSION = 5.0;
				TARGETED_DEVICE_FAMILY = "1,2";
				TEST_TARGET_NAME = atmos;
			};
			name = Release;
		};
/* End XCBuildConfiguration section */

/* Begin XCConfigurationList section */
		B60A7FA52CC172DD001A38C6 /* Build configuration list for PBXProject "atmos" */ = {
			isa = XCConfigurationList;
			buildConfigurations = (
				B60A7FCC2CC172DE001A38C6 /* Debug */,
				B60A7FCD2CC172DE001A38C6 /* Release */,
			);
			defaultConfigurationIsVisible = 0;
			defaultConfigurationName = Release;
		};
		B60A7FCE2CC172DE001A38C6 /* Build configuration list for PBXNativeTarget "atmos" */ = {
			isa = XCConfigurationList;
			buildConfigurations = (
				B60A7FCF2CC172DE001A38C6 /* Debug */,
				B60A7FD02CC172DE001A38C6 /* Release */,
			);
			defaultConfigurationIsVisible = 0;
			defaultConfigurationName = Release;
		};
		B60A7FD12CC172DE001A38C6 /* Build configuration list for PBXNativeTarget "atmosTests" */ = {
			isa = XCConfigurationList;
			buildConfigurations = (
				B60A7FD22CC172DE001A38C6 /* Debug */,
				B60A7FD32CC172DE001A38C6 /* Release */,
			);
			defaultConfigurationIsVisible = 0;
			defaultConfigurationName = Release;
		};
		B60A7FD42CC172DE001A38C6 /* Build configuration list for PBXNativeTarget "atmosUITests" */ = {
			isa = XCConfigurationList;
			buildConfigurations = (
				B60A7FD52CC172DE001A38C6 /* Debug */,
				B60A7FD62CC172DE001A38C6 /* Release */,
			);
			defaultConfigurationIsVisible = 0;
			defaultConfigurationName = Release;
		};
/* End XCConfigurationList section */

/* Begin XCRemoteSwiftPackageReference section */
		B60A7FD72CC17938001A38C6 /* XCRemoteSwiftPackageReference "socket" */ = {
			isa = XCRemoteSwiftPackageReference;
			repositoryURL = "https://github.com/socketio/socket.io-client-swift";
			requirement = {
				branch = master;
				kind = branch;
			};
		};
/* End XCRemoteSwiftPackageReference section */
	};
	rootObject = B60A7FA22CC172DD001A38C6 /* Project object */;
}
